
Microsoft Visual Studio Solution File, Format Version 12.00
# Visual Studio Version 17
VisualStudioVersion = 17.11.35312.102
MinimumVisualStudioVersion = 10.0.40219.1
Project("{FAE04EC0-301F-11D3-BF4B-00C04F79EFBC}") = "recoregut", "recoregut\recoregut.csproj", "{BB5872BD-2800-429D-B17E-D3B4DEB6AC68}"
EndProject
Global
	GlobalSection(SolutionConfigurationPlatforms) = preSolution
		Debug|Any CPU = Debug|Any CPU
		Release|Any CPU = Release|Any CPU
	EndGlobalSection
	GlobalSection(ProjectConfigurationPlatforms) = postSolution
		{BB5872BD-2800-429D-B17E-D3B4DEB6AC68}.Debug|Any CPU.ActiveCfg = Debug|Any CPU
		{BB5872BD-2800-429D-B17E-D3B4DEB6AC68}.Debug|Any CPU.Build.0 = Debug|Any CPU
		{BB5872BD-2800-429D-B17E-D3B4DEB6AC68}.Release|Any CPU.ActiveCfg = Release|Any CPU
		{BB5872BD-2800-429D-B17E-D3B4DEB6AC68}.Release|Any CPU.Build.0 = Release|Any CPU
	EndGlobalSection
	GlobalSection(SolutionProperties) = preSolution
		HideSolutionNode = FALSE
	EndGlobalSection
	GlobalSection(ExtensibilityGlobals) = postSolution
		SolutionGuid = {6E86885C-A184-42D5-A701-5CBD1F106188}
	EndGlobalSection
EndGlobal
