
Microsoft Visual Studio Solution File, Format Version 12.00
# Visual Studio Version 17
VisualStudioVersion = 17.11.35312.102
MinimumVisualStudioVersion = 10.0.40219.1
Project("{FAE04EC0-301F-11D3-BF4B-00C04F79EFBC}") = "ConsoleApp8", "ConsoleApp8\ConsoleApp8.csproj", "{AB1482F2-BAB3-4732-BFA9-F7719B4E0AF1}"
EndProject
Global
	GlobalSection(SolutionConfigurationPlatforms) = preSolution
		Debug|Any CPU = Debug|Any CPU
		Release|Any CPU = Release|Any CPU
	EndGlobalSection
	GlobalSection(ProjectConfigurationPlatforms) = postSolution
		{AB1482F2-BAB3-4732-BFA9-F7719B4E0AF1}.Debug|Any CPU.ActiveCfg = Debug|Any CPU
		{AB1482F2-BAB3-4732-BFA9-F7719B4E0AF1}.Debug|Any CPU.Build.0 = Debug|Any CPU
		{AB1482F2-BAB3-4732-BFA9-F7719B4E0AF1}.Release|Any CPU.ActiveCfg = Release|Any CPU
		{AB1482F2-BAB3-4732-BFA9-F7719B4E0AF1}.Release|Any CPU.Build.0 = Release|Any CPU
	EndGlobalSection
	GlobalSection(SolutionProperties) = preSolution
		HideSolutionNode = FALSE
	EndGlobalSection
	GlobalSection(ExtensibilityGlobals) = postSolution
		SolutionGuid = {2489C8D6-4DE3-4C3D-B498-C11C80CC27EE}
	EndGlobalSection
EndGlobal
