
Microsoft Visual Studio Solution File, Format Version 12.00
# Visual Studio Version 17
VisualStudioVersion = 17.11.35312.102
MinimumVisualStudioVersion = 10.0.40219.1
Project("{FAE04EC0-301F-11D3-BF4B-00C04F79EFBC}") = "examen", "examen\examen.csproj", "{9FB675F7-0FE8-4E8A-A84D-8B3B80F64BEB}"
EndProject
Global
	GlobalSection(SolutionConfigurationPlatforms) = preSolution
		Debug|Any CPU = Debug|Any CPU
		Release|Any CPU = Release|Any CPU
	EndGlobalSection
	GlobalSection(ProjectConfigurationPlatforms) = postSolution
		{9FB675F7-0FE8-4E8A-A84D-8B3B80F64BEB}.Debug|Any CPU.ActiveCfg = Debug|Any CPU
		{9FB675F7-0FE8-4E8A-A84D-8B3B80F64BEB}.Debug|Any CPU.Build.0 = Debug|Any CPU
		{9FB675F7-0FE8-4E8A-A84D-8B3B80F64BEB}.Release|Any CPU.ActiveCfg = Release|Any CPU
		{9FB675F7-0FE8-4E8A-A84D-8B3B80F64BEB}.Release|Any CPU.Build.0 = Release|Any CPU
	EndGlobalSection
	GlobalSection(SolutionProperties) = preSolution
		HideSolutionNode = FALSE
	EndGlobalSection
	GlobalSection(ExtensibilityGlobals) = postSolution
		SolutionGuid = {886AD9A4-CB36-4EED-8AA6-25A2C9BC07E4}
	EndGlobalSection
EndGlobal
