
Microsoft Visual Studio Solution File, Format Version 12.00
# Visual Studio Version 17
VisualStudioVersion = 17.11.35312.102
MinimumVisualStudioVersion = 10.0.40219.1
Project("{FAE04EC0-301F-11D3-BF4B-00C04F79EFBC}") = "ConsoleApp13", "ConsoleApp13\ConsoleApp13.csproj", "{9D9B843A-2144-4284-A152-F3307B27DDEE}"
EndProject
Global
	GlobalSection(SolutionConfigurationPlatforms) = preSolution
		Debug|Any CPU = Debug|Any CPU
		Release|Any CPU = Release|Any CPU
	EndGlobalSection
	GlobalSection(ProjectConfigurationPlatforms) = postSolution
		{9D9B843A-2144-4284-A152-F3307B27DDEE}.Debug|Any CPU.ActiveCfg = Debug|Any CPU
		{9D9B843A-2144-4284-A152-F3307B27DDEE}.Debug|Any CPU.Build.0 = Debug|Any CPU
		{9D9B843A-2144-4284-A152-F3307B27DDEE}.Release|Any CPU.ActiveCfg = Release|Any CPU
		{9D9B843A-2144-4284-A152-F3307B27DDEE}.Release|Any CPU.Build.0 = Release|Any CPU
	EndGlobalSection
	GlobalSection(SolutionProperties) = preSolution
		HideSolutionNode = FALSE
	EndGlobalSection
	GlobalSection(ExtensibilityGlobals) = postSolution
		SolutionGuid = {9C3E6837-75A3-4DA5-83C6-230C9CF4C547}
	EndGlobalSection
EndGlobal
