
Microsoft Visual Studio Solution File, Format Version 12.00
# Visual Studio Version 17
VisualStudioVersion = 17.11.35312.102
MinimumVisualStudioVersion = 10.0.40219.1
Project("{FAE04EC0-301F-11D3-BF4B-00C04F79EFBC}") = "ex 15", "ex 15\ex 15.csproj", "{A7186CDB-9416-45FF-A2FC-F90CA6E7534F}"
EndProject
Global
	GlobalSection(SolutionConfigurationPlatforms) = preSolution
		Debug|Any CPU = Debug|Any CPU
		Release|Any CPU = Release|Any CPU
	EndGlobalSection
	GlobalSection(ProjectConfigurationPlatforms) = postSolution
		{A7186CDB-9416-45FF-A2FC-F90CA6E7534F}.Debug|Any CPU.ActiveCfg = Debug|Any CPU
		{A7186CDB-9416-45FF-A2FC-F90CA6E7534F}.Debug|Any CPU.Build.0 = Debug|Any CPU
		{A7186CDB-9416-45FF-A2FC-F90CA6E7534F}.Release|Any CPU.ActiveCfg = Release|Any CPU
		{A7186CDB-9416-45FF-A2FC-F90CA6E7534F}.Release|Any CPU.Build.0 = Release|Any CPU
	EndGlobalSection
	GlobalSection(SolutionProperties) = preSolution
		HideSolutionNode = FALSE
	EndGlobalSection
	GlobalSection(ExtensibilityGlobals) = postSolution
		SolutionGuid = {59A59EC2-24F4-483B-BFE2-9D6A928C1205}
	EndGlobalSection
EndGlobal
