
Microsoft Visual Studio Solution File, Format Version 12.00
# Visual Studio Version 17
VisualStudioVersion = 17.11.35312.102
MinimumVisualStudioVersion = 10.0.40219.1
Project("{FAE04EC0-301F-11D3-BF4B-00C04F79EFBC}") = "ex 7 1.6", "ex 7 1.6\ex 7 1.6.csproj", "{A97C844E-6FE5-40DA-A9D0-5DB636744C36}"
EndProject
Global
	GlobalSection(SolutionConfigurationPlatforms) = preSolution
		Debug|Any CPU = Debug|Any CPU
		Release|Any CPU = Release|Any CPU
	EndGlobalSection
	GlobalSection(ProjectConfigurationPlatforms) = postSolution
		{A97C844E-6FE5-40DA-A9D0-5DB636744C36}.Debug|Any CPU.ActiveCfg = Debug|Any CPU
		{A97C844E-6FE5-40DA-A9D0-5DB636744C36}.Debug|Any CPU.Build.0 = Debug|Any CPU
		{A97C844E-6FE5-40DA-A9D0-5DB636744C36}.Release|Any CPU.ActiveCfg = Release|Any CPU
		{A97C844E-6FE5-40DA-A9D0-5DB636744C36}.Release|Any CPU.Build.0 = Release|Any CPU
	EndGlobalSection
	GlobalSection(SolutionProperties) = preSolution
		HideSolutionNode = FALSE
	EndGlobalSection
	GlobalSection(ExtensibilityGlobals) = postSolution
		SolutionGuid = {B5C537FB-C215-4984-95C4-C4D1E4367B9C}
	EndGlobalSection
EndGlobal
