
Microsoft Visual Studio Solution File, Format Version 12.00
# Visual Studio Version 17
VisualStudioVersion = 17.11.35312.102
MinimumVisualStudioVersion = 10.0.40219.1
Project("{FAE04EC0-301F-11D3-BF4B-00C04F79EFBC}") = "ex 3 1.6", "ex 3 1.6\ex 3 1.6.csproj", "{F075AB9E-D2DA-41DE-ACC8-B07D5CB428AB}"
EndProject
Project("{9A19103F-16F7-4668-BE54-9A1E7A4F7556}") = "ex 2 1.6", "..\ex 2 1.6\ex 2 1.6\ex 2 1.6.csproj", "{3B19345D-73F5-42A0-AC1F-52F8D63806A4}"
EndProject
Global
	GlobalSection(SolutionConfigurationPlatforms) = preSolution
		Debug|Any CPU = Debug|Any CPU
		Release|Any CPU = Release|Any CPU
	EndGlobalSection
	GlobalSection(ProjectConfigurationPlatforms) = postSolution
		{F075AB9E-D2DA-41DE-ACC8-B07D5CB428AB}.Debug|Any CPU.ActiveCfg = Debug|Any CPU
		{F075AB9E-D2DA-41DE-ACC8-B07D5CB428AB}.Debug|Any CPU.Build.0 = Debug|Any CPU
		{F075AB9E-D2DA-41DE-ACC8-B07D5CB428AB}.Release|Any CPU.ActiveCfg = Release|Any CPU
		{F075AB9E-D2DA-41DE-ACC8-B07D5CB428AB}.Release|Any CPU.Build.0 = Release|Any CPU
		{3B19345D-73F5-42A0-AC1F-52F8D63806A4}.Debug|Any CPU.ActiveCfg = Debug|Any CPU
		{3B19345D-73F5-42A0-AC1F-52F8D63806A4}.Debug|Any CPU.Build.0 = Debug|Any CPU
		{3B19345D-73F5-42A0-AC1F-52F8D63806A4}.Release|Any CPU.ActiveCfg = Release|Any CPU
		{3B19345D-73F5-42A0-AC1F-52F8D63806A4}.Release|Any CPU.Build.0 = Release|Any CPU
	EndGlobalSection
	GlobalSection(SolutionProperties) = preSolution
		HideSolutionNode = FALSE
	EndGlobalSection
	GlobalSection(ExtensibilityGlobals) = postSolution
		SolutionGuid = {7899B687-D083-4A32-925A-E608B7CA5B90}
	EndGlobalSection
EndGlobal
