
Microsoft Visual Studio Solution File, Format Version 12.00
# Visual Studio Version 17
VisualStudioVersion = 17.11.35312.102
MinimumVisualStudioVersion = 10.0.40219.1
Project("{FAE04EC0-301F-11D3-BF4B-00C04F79EFBC}") = "ConsoleApp9", "ConsoleApp9\ConsoleApp9.csproj", "{45BFB3D5-F92F-48CB-B6C6-39E80D7E9DA6}"
EndProject
Global
	GlobalSection(SolutionConfigurationPlatforms) = preSolution
		Debug|Any CPU = Debug|Any CPU
		Release|Any CPU = Release|Any CPU
	EndGlobalSection
	GlobalSection(ProjectConfigurationPlatforms) = postSolution
		{45BFB3D5-F92F-48CB-B6C6-39E80D7E9DA6}.Debug|Any CPU.ActiveCfg = Debug|Any CPU
		{45BFB3D5-F92F-48CB-B6C6-39E80D7E9DA6}.Debug|Any CPU.Build.0 = Debug|Any CPU
		{45BFB3D5-F92F-48CB-B6C6-39E80D7E9DA6}.Release|Any CPU.ActiveCfg = Release|Any CPU
		{45BFB3D5-F92F-48CB-B6C6-39E80D7E9DA6}.Release|Any CPU.Build.0 = Release|Any CPU
	EndGlobalSection
	GlobalSection(SolutionProperties) = preSolution
		HideSolutionNode = FALSE
	EndGlobalSection
	GlobalSection(ExtensibilityGlobals) = postSolution
		SolutionGuid = {37092F40-7D8C-4D2F-AF29-D7C8C2BB1776}
	EndGlobalSection
EndGlobal
