
Microsoft Visual Studio Solution File, Format Version 12.00
# Visual Studio Version 17
VisualStudioVersion = 17.11.35312.102
MinimumVisualStudioVersion = 10.0.40219.1
Project("{FAE04EC0-301F-11D3-BF4B-00C04F79EFBC}") = "ex 4 1.6", "ex 4 1.6\ex 4 1.6.csproj", "{03032654-4BAB-4DA2-BFCC-2BFF08937C98}"
EndProject
Global
	GlobalSection(SolutionConfigurationPlatforms) = preSolution
		Debug|Any CPU = Debug|Any CPU
		Release|Any CPU = Release|Any CPU
	EndGlobalSection
	GlobalSection(ProjectConfigurationPlatforms) = postSolution
		{03032654-4BAB-4DA2-BFCC-2BFF08937C98}.Debug|Any CPU.ActiveCfg = Debug|Any CPU
		{03032654-4BAB-4DA2-BFCC-2BFF08937C98}.Debug|Any CPU.Build.0 = Debug|Any CPU
		{03032654-4BAB-4DA2-BFCC-2BFF08937C98}.Release|Any CPU.ActiveCfg = Release|Any CPU
		{03032654-4BAB-4DA2-BFCC-2BFF08937C98}.Release|Any CPU.Build.0 = Release|Any CPU
	EndGlobalSection
	GlobalSection(SolutionProperties) = preSolution
		HideSolutionNode = FALSE
	EndGlobalSection
	GlobalSection(ExtensibilityGlobals) = postSolution
		SolutionGuid = {FC3EB768-B6C3-40D9-9BF6-326B9F61CD81}
	EndGlobalSection
EndGlobal
